
Microsoft Visual Studio Solution File, Format Version 12.00
# Visual Studio Version 17
VisualStudioVersion = 17.3.32922.545
MinimumVisualStudioVersion = 10.0.40219.1
Project("{FAE04EC0-301F-11D3-BF4B-00C04F79EFBC}") = "RockPaperScissors", "RockPaperScissors.csproj", "{12D8E18B-CA60-47AD-9D75-910BD25430D4}"
EndProject
Global
	GlobalSection(SolutionConfigurationPlatforms) = preSolution
		Debug|Any CPU = Debug|Any CPU
		Release|Any CPU = Release|Any CPU
	EndGlobalSection
	GlobalSection(ProjectConfigurationPlatforms) = postSolution
		{12D8E18B-CA60-47AD-9D75-910BD25430D4}.Debug|Any CPU.ActiveCfg = Debug|Any CPU
		{12D8E18B-CA60-47AD-9D75-910BD25430D4}.Debug|Any CPU.Build.0 = Debug|Any CPU
		{12D8E18B-CA60-47AD-9D75-910BD25430D4}.Release|Any CPU.ActiveCfg = Release|Any CPU
		{12D8E18B-CA60-47AD-9D75-910BD25430D4}.Release|Any CPU.Build.0 = Release|Any CPU
	EndGlobalSection
	GlobalSection(SolutionProperties) = preSolution
		HideSolutionNode = FALSE
	EndGlobalSection
	GlobalSection(ExtensibilityGlobals) = postSolution
		SolutionGuid = {3054AA93-DB86-441B-8B95-CC8E3312B6E2}
	EndGlobalSection
EndGlobal
